// !$*UTF8*$!
{
	archiveVersion = 1;
	classes = {
	};
	objectVersion = 46;
	objects = {

/* Begin PBXBuildFile section */
		D07391F91BE2A8D300FA5601 /* AppDelegate.swift in Sources */ = {isa = PBXBuildFile; fileRef = D07391F81BE2A8D300FA5601 /* AppDelegate.swift */; };
		D07391FB1BE2A8D300FA5601 /* ViewController.swift in Sources */ = {isa = PBXBuildFile; fileRef = D07391FA1BE2A8D300FA5601 /* ViewController.swift */; };
		D07391FE1BE2A8D300FA5601 /* Main.storyboard in Resources */ = {isa = PBXBuildFile; fileRef = D07391FC1BE2A8D300FA5601 /* Main.storyboard */; };
		D07392001BE2A8D300FA5601 /* Assets.xcassets in Resources */ = {isa = PBXBuildFile; fileRef = D07391FF1BE2A8D300FA5601 /* Assets.xcassets */; };
		D07392031BE2A8D300FA5601 /* LaunchScreen.storyboard in Resources */ = {isa = PBXBuildFile; fileRef = D07392011BE2A8D300FA5601 /* LaunchScreen.storyboard */; };
		D073920E1BE2A8D300FA5601 /* YelpSampleAPITests.swift in Sources */ = {isa = PBXBuildFile; fileRef = D073920D1BE2A8D300FA5601 /* YelpSampleAPITests.swift */; };
/* End PBXBuildFile section */

/* Begin PBXContainerItemProxy section */
		D073920A1BE2A8D300FA5601 /* PBXContainerItemProxy */ = {
			isa = PBXContainerItemProxy;
			containerPortal = D07391ED1BE2A8D300FA5601 /* Project object */;
			proxyType = 1;
			remoteGlobalIDString = D07391F41BE2A8D300FA5601;
			remoteInfo = YelpSampleAPI;
		};
/* End PBXContainerItemProxy section */

/* Begin PBXFileReference section */
		D07391F51BE2A8D300FA5601 /* YelpSampleAPI.app */ = {isa = PBXFileReference; explicitFileType = wrapper.application; includeInIndex = 0; path = YelpSampleAPI.app; sourceTree = BUILT_PRODUCTS_DIR; };
		D07391F81BE2A8D300FA5601 /* AppDelegate.swift */ = {isa = PBXFileReference; lastKnownFileType = sourcecode.swift; path = AppDelegate.swift; sourceTree = "<group>"; };
		D07391FA1BE2A8D300FA5601 /* ViewController.swift */ = {isa = PBXFileReference; lastKnownFileType = sourcecode.swift; path = ViewController.swift; sourceTree = "<group>"; };
		D07391FD1BE2A8D300FA5601 /* Base */ = {isa = PBXFileReference; lastKnownFileType = file.storyboard; name = Base; path = Base.lproj/Main.storyboard; sourceTree = "<group>"; };
		D07391FF1BE2A8D300FA5601 /* Assets.xcassets */ = {isa = PBXFileReference; lastKnownFileType = folder.assetcatalog; path = Assets.xcassets; sourceTree = "<group>"; };
		D07392021BE2A8D300FA5601 /* Base */ = {isa = PBXFileReference; lastKnownFileType = file.storyboard; name = Base; path = Base.lproj/LaunchScreen.storyboard; sourceTree = "<group>"; };
		D07392041BE2A8D300FA5601 /* Info.plist */ = {isa = PBXFileReference; lastKnownFileType = text.plist.xml; path = Info.plist; sourceTree = "<group>"; };
		D07392091BE2A8D300FA5601 /* YelpSampleAPITests.xctest */ = {isa = PBXFileReference; explicitFileType = wrapper.cfbundle; includeInIndex = 0; path = YelpSampleAPITests.xctest; sourceTree = BUILT_PRODUCTS_DIR; };
		D073920D1BE2A8D300FA5601 /* YelpSampleAPITests.swift */ = {isa = PBXFileReference; lastKnownFileType = sourcecode.swift; path = YelpSampleAPITests.swift; sourceTree = "<group>"; };
		D073920F1BE2A8D400FA5601 /* Info.plist */ = {isa = PBXFileReference; lastKnownFileType = text.plist.xml; path = Info.plist; sourceTree = "<group>"; };
/* End PBXFileReference section */

/* Begin PBXFrameworksBuildPhase section */
		D07391F21BE2A8D300FA5601 /* Frameworks */ = {
			isa = PBXFrameworksBuildPhase;
			buildActionMask = 2147483647;
			files = (
			);
			runOnlyForDeploymentPostprocessing = 0;
		};
		D07392061BE2A8D300FA5601 /* Frameworks */ = {
			isa = PBXFrameworksBuildPhase;
			buildActionMask = 2147483647;
			files = (
			);
			runOnlyForDeploymentPostprocessing = 0;
		};
/* End PBXFrameworksBuildPhase section */

/* Begin PBXGroup section */
		D07391EC1BE2A8D300FA5601 = {
			isa = PBXGroup;
			children = (
				D07391F71BE2A8D300FA5601 /* YelpSampleAPI */,
				D073920C1BE2A8D300FA5601 /* YelpSampleAPITests */,
				D07391F61BE2A8D300FA5601 /* Products */,
			);
			sourceTree = "<group>";
		};
		D07391F61BE2A8D300FA5601 /* Products */ = {
			isa = PBXGroup;
			children = (
				D07391F51BE2A8D300FA5601 /* YelpSampleAPI.app */,
				D07392091BE2A8D300FA5601 /* YelpSampleAPITests.xctest */,
			);
			name = Products;
			sourceTree = "<group>";
		};
		D07391F71BE2A8D300FA5601 /* YelpSampleAPI */ = {
			isa = PBXGroup;
			children = (
				D07391F81BE2A8D300FA5601 /* AppDelegate.swift */,
				D07391FA1BE2A8D300FA5601 /* ViewController.swift */,
				D07391FC1BE2A8D300FA5601 /* Main.storyboard */,
				D07391FF1BE2A8D300FA5601 /* Assets.xcassets */,
				D07392011BE2A8D300FA5601 /* LaunchScreen.storyboard */,
				D07392041BE2A8D300FA5601 /* Info.plist */,
			);
			path = YelpSampleAPI;
			sourceTree = "<group>";
		};
		D073920C1BE2A8D300FA5601 /* YelpSampleAPITests */ = {
			isa = PBXGroup;
			children = (
				D073920D1BE2A8D300FA5601 /* YelpSampleAPITests.swift */,
				D073920F1BE2A8D400FA5601 /* Info.plist */,
			);
			path = YelpSampleAPITests;
			sourceTree = "<group>";
		};
/* End PBXGroup section */

/* Begin PBXNativeTarget section */
		D07391F41BE2A8D300FA5601 /* YelpSampleAPI */ = {
			isa = PBXNativeTarget;
			buildConfigurationList = D07392121BE2A8D400FA5601 /* Build configuration list for PBXNativeTarget "YelpSampleAPI" */;
			buildPhases = (
				D07391F11BE2A8D300FA5601 /* Sources */,
				D07391F21BE2A8D300FA5601 /* Frameworks */,
				D07391F31BE2A8D300FA5601 /* Resources */,
			);
			buildRules = (
			);
			dependencies = (
			);
			name = YelpSampleAPI;
			productName = YelpSampleAPI;
			productReference = D07391F51BE2A8D300FA5601 /* YelpSampleAPI.app */;
			productType = "com.apple.product-type.application";
		};
		D07392081BE2A8D300FA5601 /* YelpSampleAPITests */ = {
			isa = PBXNativeTarget;
			buildConfigurationList = D07392151BE2A8D400FA5601 /* Build configuration list for PBXNativeTarget "YelpSampleAPITests" */;
			buildPhases = (
				D07392051BE2A8D300FA5601 /* Sources */,
				D07392061BE2A8D300FA5601 /* Frameworks */,
				D07392071BE2A8D300FA5601 /* Resources */,
			);
			buildRules = (
			);
			dependencies = (
				D073920B1BE2A8D300FA5601 /* PBXTargetDependency */,
			);
			name = YelpSampleAPITests;
			productName = YelpSampleAPITests;
			productReference = D07392091BE2A8D300FA5601 /* YelpSampleAPITests.xctest */;
			productType = "com.apple.product-type.bundle.unit-test";
		};
/* End PBXNativeTarget section */

/* Begin PBXProject section */
		D07391ED1BE2A8D300FA5601 /* Project object */ = {
			isa = PBXProject;
			attributes = {
				LastSwiftUpdateCheck = 0710;
				LastUpgradeCheck = 0710;
				ORGANIZATIONNAME = "Benjamin Cortens";
				TargetAttributes = {
					D07391F41BE2A8D300FA5601 = {
						CreatedOnToolsVersion = 7.1;
					};
					D07392081BE2A8D300FA5601 = {
						CreatedOnToolsVersion = 7.1;
						TestTargetID = D07391F41BE2A8D300FA5601;
					};
				};
			};
			buildConfigurationList = D07391F01BE2A8D300FA5601 /* Build configuration list for PBXProject "YelpSampleAPI" */;
			compatibilityVersion = "Xcode 3.2";
			developmentRegion = English;
			hasScannedForEncodings = 0;
			knownRegions = (
				en,
				Base,
			);
			mainGroup = D07391EC1BE2A8D300FA5601;
			productRefGroup = D07391F61BE2A8D300FA5601 /* Products */;
			projectDirPath = "";
			projectRoot = "";
			targets = (
				D07391F41BE2A8D300FA5601 /* YelpSampleAPI */,
				D07392081BE2A8D300FA5601 /* YelpSampleAPITests */,
			);
		};
/* End PBXProject section */

/* Begin PBXResourcesBuildPhase section */
		D07391F31BE2A8D300FA5601 /* Resources */ = {
			isa = PBXResourcesBuildPhase;
			buildActionMask = 2147483647;
			files = (
				D07392031BE2A8D300FA5601 /* LaunchScreen.storyboard in Resources */,
				D07392001BE2A8D300FA5601 /* Assets.xcassets in Resources */,
				D07391FE1BE2A8D300FA5601 /* Main.storyboard in Resources */,
			);
			runOnlyForDeploymentPostprocessing = 0;
		};
		D07392071BE2A8D300FA5601 /* Resources */ = {
			isa = PBXResourcesBuildPhase;
			buildActionMask = 2147483647;
			files = (
			);
			runOnlyForDeploymentPostprocessing = 0;
		};
/* End PBXResourcesBuildPhase section */

/* Begin PBXSourcesBuildPhase section */
		D07391F11BE2A8D300FA5601 /* Sources */ = {
			isa = PBXSourcesBuildPhase;
			buildActionMask = 2147483647;
			files = (
				D07391FB1BE2A8D300FA5601 /* ViewController.swift in Sources */,
				D07391F91BE2A8D300FA5601 /* AppDelegate.swift in Sources */,
			);
			runOnlyForDeploymentPostprocessing = 0;
		};
		D07392051BE2A8D300FA5601 /* Sources */ = {
			isa = PBXSourcesBuildPhase;
			buildActionMask = 2147483647;
			files = (
				D073920E1BE2A8D300FA5601 /* YelpSampleAPITests.swift in Sources */,
			);
			runOnlyForDeploymentPostprocessing = 0;
		};
/* End PBXSourcesBuildPhase section */

/* Begin PBXTargetDependency section */
		D073920B1BE2A8D300FA5601 /* PBXTargetDependency */ = {
			isa = PBXTargetDependency;
			target = D07391F41BE2A8D300FA5601 /* YelpSampleAPI */;
			targetProxy = D073920A1BE2A8D300FA5601 /* PBXContainerItemProxy */;
		};
/* End PBXTargetDependency section */

/* Begin PBXVariantGroup section */
		D07391FC1BE2A8D300FA5601 /* Main.storyboard */ = {
			isa = PBXVariantGroup;
			children = (
				D07391FD1BE2A8D300FA5601 /* Base */,
			);
			name = Main.storyboard;
			sourceTree = "<group>";
		};
		D07392011BE2A8D300FA5601 /* LaunchScreen.storyboard */ = {
			isa = PBXVariantGroup;
			children = (
				D07392021BE2A8D300FA5601 /* Base */,
			);
			name = LaunchScreen.storyboard;
			sourceTree = "<group>";
		};
/* End PBXVariantGroup section */

/* Begin XCBuildConfiguration section */
		D07392101BE2A8D400FA5601 /* Debug */ = {
			isa = XCBuildConfiguration;
			buildSettings = {
				ALWAYS_SEARCH_USER_PATHS = NO;
				CLANG_CXX_LANGUAGE_STANDARD = "gnu++0x";
				CLANG_CXX_LIBRARY = "libc++";
				CLANG_ENABLE_MODULES = YES;
				CLANG_ENABLE_OBJC_ARC = YES;
				CLANG_WARN_BOOL_CONVERSION = YES;
				CLANG_WARN_CONSTANT_CONVERSION = YES;
				CLANG_WARN_DIRECT_OBJC_ISA_USAGE = YES_ERROR;
				CLANG_WARN_EMPTY_BODY = YES;
				CLANG_WARN_ENUM_CONVERSION = YES;
				CLANG_WARN_INT_CONVERSION = YES;
				CLANG_WARN_OBJC_ROOT_CLASS = YES_ERROR;
				CLANG_WARN_UNREACHABLE_CODE = YES;
				CLANG_WARN__DUPLICATE_METHOD_MATCH = YES;
				"CODE_SIGN_IDENTITY[sdk=iphoneos*]" = "iPhone Developer";
				COPY_PHASE_STRIP = NO;
				DEBUG_INFORMATION_FORMAT = dwarf;
				ENABLE_STRICT_OBJC_MSGSEND = YES;
				ENABLE_TESTABILITY = YES;
				GCC_C_LANGUAGE_STANDARD = gnu99;
				GCC_DYNAMIC_NO_PIC = NO;
				GCC_NO_COMMON_BLOCKS = YES;
				GCC_OPTIMIZATION_LEVEL = 0;
				GCC_PREPROCESSOR_DEFINITIONS = (
					"DEBUG=1",
					"$(inherited)",
				);
				GCC_WARN_64_TO_32_BIT_CONVERSION = YES;
				GCC_WARN_ABOUT_RETURN_TYPE = YES_ERROR;
				GCC_WARN_UNDECLARED_SELECTOR = YES;
				GCC_WARN_UNINITIALIZED_AUTOS = YES_AGGRESSIVE;
				GCC_WARN_UNUSED_FUNCTION = YES;
				GCC_WARN_UNUSED_VARIABLE = YES;
				IPHONEOS_DEPLOYMENT_TARGET = 9.1;
				MTL_ENABLE_DEBUG_INFO = YES;
				ONLY_ACTIVE_ARCH = YES;
				SDKROOT = iphoneos;
				SWIFT_OPTIMIZATION_LEVEL = "-Onone";
				TARGETED_DEVICE_FAMILY = "1,2";
			};
			name = Debug;
		};
		D07392111BE2A8D400FA5601 /* Release */ = {
			isa = XCBuildConfiguration;
			buildSettings = {
				ALWAYS_SEARCH_USER_PATHS = NO;
				CLANG_CXX_LANGUAGE_STANDARD = "gnu++0x";
				CLANG_CXX_LIBRARY = "libc++";
				CLANG_ENABLE_MODULES = YES;
				CLANG_ENABLE_OBJC_ARC = YES;
				CLANG_WARN_BOOL_CONVERSION = YES;
				CLANG_WARN_CONSTANT_CONVERSION = YES;
				CLANG_WARN_DIRECT_OBJC_ISA_USAGE = YES_ERROR;
				CLANG_WARN_EMPTY_BODY = YES;
				CLANG_WARN_ENUM_CONVERSION = YES;
				CLANG_WARN_INT_CONVERSION = YES;
				CLANG_WARN_OBJC_ROOT_CLASS = YES_ERROR;
				CLANG_WARN_UNREACHABLE_CODE = YES;
				CLANG_WARN__DUPLICATE_METHOD_MATCH = YES;
				"CODE_SIGN_IDENTITY[sdk=iphoneos*]" = "iPhone Developer";
				COPY_PHASE_STRIP = NO;
				DEBUG_INFORMATION_FORMAT = "dwarf-with-dsym";
				ENABLE_NS_ASSERTIONS = NO;
				ENABLE_STRICT_OBJC_MSGSEND = YES;
				GCC_C_LANGUAGE_STANDARD = gnu99;
				GCC_NO_COMMON_BLOCKS = YES;
				GCC_WARN_64_TO_32_BIT_CONVERSION = YES;
				GCC_WARN_ABOUT_RETURN_TYPE = YES_ERROR;
				GCC_WARN_UNDECLARED_SELECTOR = YES;
				GCC_WARN_UNINITIALIZED_AUTOS = YES_AGGRESSIVE;
				GCC_WARN_UNUSED_FUNCTION = YES;
				GCC_WARN_UNUSED_VARIABLE = YES;
				IPHONEOS_DEPLOYMENT_TARGET = 9.1;
				MTL_ENABLE_DEBUG_INFO = NO;
				SDKROOT = iphoneos;
				TARGETED_DEVICE_FAMILY = "1,2";
				VALIDATE_PRODUCT = YES;
			};
			name = Release;
		};
		D07392131BE2A8D400FA5601 /* Debug */ = {
			isa = XCBuildConfiguration;
			buildSettings = {
				ASSETCATALOG_COMPILER_APPICON_NAME = AppIcon;
				INFOPLIST_FILE = YelpSampleAPI/Info.plist;
				LD_RUNPATH_SEARCH_PATHS = "$(inherited) @executable_path/Frameworks";
				PRODUCT_BUNDLE_IDENTIFIER = com.example.YelpSampleAPI;
				PRODUCT_NAME = "$(TARGET_NAME)";
			};
			name = Debug;
		};
		D07392141BE2A8D400FA5601 /* Release */ = {
			isa = XCBuildConfiguration;
			buildSettings = {
				ASSETCATALOG_COMPILER_APPICON_NAME = AppIcon;
				INFOPLIST_FILE = YelpSampleAPI/Info.plist;
				LD_RUNPATH_SEARCH_PATHS = "$(inherited) @executable_path/Frameworks";
				PRODUCT_BUNDLE_IDENTIFIER = com.example.YelpSampleAPI;
				PRODUCT_NAME = "$(TARGET_NAME)";
			};
			name = Release;
		};
		D07392161BE2A8D400FA5601 /* Debug */ = {
			isa = XCBuildConfiguration;
			buildSettings = {
				BUNDLE_LOADER = "$(TEST_HOST)";
				INFOPLIST_FILE = YelpSampleAPITests/Info.plist;
				LD_RUNPATH_SEARCH_PATHS = "$(inherited) @executable_path/Frameworks @loader_path/Frameworks";
				PRODUCT_BUNDLE_IDENTIFIER = com.example.YelpSampleAPITests;
				PRODUCT_NAME = "$(TARGET_NAME)";
				TEST_HOST = "$(BUILT_PRODUCTS_DIR)/YelpSampleAPI.app/YelpSampleAPI";
			};
			name = Debug;
		};
		D07392171BE2A8D400FA5601 /* Release */ = {
			isa = XCBuildConfiguration;
			buildSettings = {
				BUNDLE_LOADER = "$(TEST_HOST)";
				INFOPLIST_FILE = YelpSampleAPITests/Info.plist;
				LD_RUNPATH_SEARCH_PATHS = "$(inherited) @executable_path/Frameworks @loader_path/Frameworks";
				PRODUCT_BUNDLE_IDENTIFIER = com.example.YelpSampleAPITests;
				PRODUCT_NAME = "$(TARGET_NAME)";
				TEST_HOST = "$(BUILT_PRODUCTS_DIR)/YelpSampleAPI.app/YelpSampleAPI";
			};
			name = Release;
		};
/* End XCBuildConfiguration section */

/* Begin XCConfigurationList section */
		D07391F01BE2A8D300FA5601 /* Build configuration list for PBXProject "YelpSampleAPI" */ = {
			isa = XCConfigurationList;
			buildConfigurations = (
				D07392101BE2A8D400FA5601 /* Debug */,
				D07392111BE2A8D400FA5601 /* Release */,
			);
			defaultConfigurationIsVisible = 0;
			defaultConfigurationName = Release;
		};
		D07392121BE2A8D400FA5601 /* Build configuration list for PBXNativeTarget "YelpSampleAPI" */ = {
			isa = XCConfigurationList;
			buildConfigurations = (
				D07392131BE2A8D400FA5601 /* Debug */,
				D07392141BE2A8D400FA5601 /* Release */,
			);
			defaultConfigurationIsVisible = 0;
		};
		D07392151BE2A8D400FA5601 /* Build configuration list for PBXNativeTarget "YelpSampleAPITests" */ = {
			isa = XCConfigurationList;
			buildConfigurations = (
				D07392161BE2A8D400FA5601 /* Debug */,
				D07392171BE2A8D400FA5601 /* Release */,
			);
			defaultConfigurationIsVisible = 0;
		};
/* End XCConfigurationList section */
	};
	rootObject = D07391ED1BE2A8D300FA5601 /* Project object */;
}
